
Microsoft Visual Studio Solution File, Format Version 12.00
# Visual Studio 15
VisualStudioVersion = 15.0.28307.1209
MinimumVisualStudioVersion = 10.0.40219.1
Project("{FAE04EC0-301F-11D3-BF4B-00C04F79EFBC}") = "DotNetMvc", "DotNetMvc.csproj", "{AEC0E3E9-D1F6-4A87-99D2-A177CF898E94}"
EndProject
Project("{FAE04EC0-301F-11D3-BF4B-00C04F79EFBC}") = "DataBase", "..\DataBase\DataBase.csproj", "{A5A16DDA-6CA6-43E6-8EDB-5A4DFD488BB9}"
EndProject
Project("{FAE04EC0-301F-11D3-BF4B-00C04F79EFBC}") = "Business", "Business\Business.csproj", "{FACDB2DC-5E1D-43ED-BDD4-ED3FD6595439}"
EndProject
Global
	GlobalSection(SolutionConfigurationPlatforms) = preSolution
		Debug|Any CPU = Debug|Any CPU
		Release|Any CPU = Release|Any CPU
	EndGlobalSection
	GlobalSection(ProjectConfigurationPlatforms) = postSolution
		{AEC0E3E9-D1F6-4A87-99D2-A177CF898E94}.Debug|Any CPU.ActiveCfg = Debug|Any CPU
		{AEC0E3E9-D1F6-4A87-99D2-A177CF898E94}.Debug|Any CPU.Build.0 = Debug|Any CPU
		{AEC0E3E9-D1F6-4A87-99D2-A177CF898E94}.Release|Any CPU.ActiveCfg = Release|Any CPU
		{AEC0E3E9-D1F6-4A87-99D2-A177CF898E94}.Release|Any CPU.Build.0 = Release|Any CPU
		{A5A16DDA-6CA6-43E6-8EDB-5A4DFD488BB9}.Debug|Any CPU.ActiveCfg = Debug|Any CPU
		{A5A16DDA-6CA6-43E6-8EDB-5A4DFD488BB9}.Debug|Any CPU.Build.0 = Debug|Any CPU
		{A5A16DDA-6CA6-43E6-8EDB-5A4DFD488BB9}.Release|Any CPU.ActiveCfg = Release|Any CPU
		{A5A16DDA-6CA6-43E6-8EDB-5A4DFD488BB9}.Release|Any CPU.Build.0 = Release|Any CPU
		{FACDB2DC-5E1D-43ED-BDD4-ED3FD6595439}.Debug|Any CPU.ActiveCfg = Debug|Any CPU
		{FACDB2DC-5E1D-43ED-BDD4-ED3FD6595439}.Debug|Any CPU.Build.0 = Debug|Any CPU
		{FACDB2DC-5E1D-43ED-BDD4-ED3FD6595439}.Release|Any CPU.ActiveCfg = Release|Any CPU
		{FACDB2DC-5E1D-43ED-BDD4-ED3FD6595439}.Release|Any CPU.Build.0 = Release|Any CPU
	EndGlobalSection
	GlobalSection(SolutionProperties) = preSolution
		HideSolutionNode = FALSE
	EndGlobalSection
	GlobalSection(ExtensibilityGlobals) = postSolution
		SolutionGuid = {C9905E96-2004-4C75-A6F1-8FAC7F786384}
	EndGlobalSection
EndGlobal
